// !$*UTF8*$!
{
	archiveVersion = 1;
	classes = {
	};
	objectVersion = 46;
	objects = {

/* Begin PBXBuildFile section */
		2C47107B1D964BCC00CDB47B /* AppDelegate.swift in Sources */ = {isa = PBXBuildFile; fileRef = 2C47107A1D964BCC00CDB47B /* AppDelegate.swift */; };
		2C47107D1D964BCC00CDB47B /* ViewController.swift in Sources */ = {isa = PBXBuildFile; fileRef = 2C47107C1D964BCC00CDB47B /* ViewController.swift */; };
		2C4710801D964BCC00CDB47B /* Main.storyboard in Resources */ = {isa = PBXBuildFile; fileRef = 2C47107E1D964BCC00CDB47B /* Main.storyboard */; };
		2C4710821D964BCC00CDB47B /* Assets.xcassets in Resources */ = {isa = PBXBuildFile; fileRef = 2C4710811D964BCC00CDB47B /* Assets.xcassets */; };
		2C4710851D964BCC00CDB47B /* LaunchScreen.storyboard in Resources */ = {isa = PBXBuildFile; fileRef = 2C4710831D964BCC00CDB47B /* LaunchScreen.storyboard */; };
		2C4710901D964BCC00CDB47B /* WebviewTests.swift in Sources */ = {isa = PBXBuildFile; fileRef = 2C47108F1D964BCC00CDB47B /* WebviewTests.swift */; };
		2C47109B1D964BCC00CDB47B /* WebviewUITests.swift in Sources */ = {isa = PBXBuildFile; fileRef = 2C47109A1D964BCC00CDB47B /* WebviewUITests.swift */; };
		6B2EE92A1D97242500C6783D /* MapKit.framework in Frameworks */ = {isa = PBXBuildFile; fileRef = 6B2EE9291D97242500C6783D /* MapKit.framework */; };
		6B2EE9321D97AAE100C6783D /* ViewController2.swift in Sources */ = {isa = PBXBuildFile; fileRef = 6B2EE9311D97AAE100C6783D /* ViewController2.swift */; };
/* End PBXBuildFile section */

/* Begin PBXContainerItemProxy section */
		2C47108C1D964BCC00CDB47B /* PBXContainerItemProxy */ = {
			isa = PBXContainerItemProxy;
			containerPortal = 2C47106F1D964BCC00CDB47B /* Project object */;
			proxyType = 1;
			remoteGlobalIDString = 2C4710761D964BCC00CDB47B;
			remoteInfo = Webview;
		};
		2C4710971D964BCC00CDB47B /* PBXContainerItemProxy */ = {
			isa = PBXContainerItemProxy;
			containerPortal = 2C47106F1D964BCC00CDB47B /* Project object */;
			proxyType = 1;
			remoteGlobalIDString = 2C4710761D964BCC00CDB47B;
			remoteInfo = Webview;
		};
/* End PBXContainerItemProxy section */

/* Begin PBXFileReference section */
		2C4710771D964BCC00CDB47B /* Webview.app */ = {isa = PBXFileReference; explicitFileType = wrapper.application; includeInIndex = 0; path = Webview.app; sourceTree = BUILT_PRODUCTS_DIR; };
		2C47107A1D964BCC00CDB47B /* AppDelegate.swift */ = {isa = PBXFileReference; lastKnownFileType = sourcecode.swift; path = AppDelegate.swift; sourceTree = "<group>"; };
		2C47107C1D964BCC00CDB47B /* ViewController.swift */ = {isa = PBXFileReference; lastKnownFileType = sourcecode.swift; path = ViewController.swift; sourceTree = "<group>"; };
		2C47107F1D964BCC00CDB47B /* Base */ = {isa = PBXFileReference; lastKnownFileType = file.storyboard; name = Base; path = Base.lproj/Main.storyboard; sourceTree = "<group>"; };
		2C4710811D964BCC00CDB47B /* Assets.xcassets */ = {isa = PBXFileReference; lastKnownFileType = folder.assetcatalog; path = Assets.xcassets; sourceTree = "<group>"; };
		2C4710841D964BCC00CDB47B /* Base */ = {isa = PBXFileReference; lastKnownFileType = file.storyboard; name = Base; path = Base.lproj/LaunchScreen.storyboard; sourceTree = "<group>"; };
		2C4710861D964BCC00CDB47B /* Info.plist */ = {isa = PBXFileReference; lastKnownFileType = text.plist.xml; path = Info.plist; sourceTree = "<group>"; };
		2C47108B1D964BCC00CDB47B /* WebviewTests.xctest */ = {isa = PBXFileReference; explicitFileType = wrapper.cfbundle; includeInIndex = 0; path = WebviewTests.xctest; sourceTree = BUILT_PRODUCTS_DIR; };
		2C47108F1D964BCC00CDB47B /* WebviewTests.swift */ = {isa = PBXFileReference; lastKnownFileType = sourcecode.swift; path = WebviewTests.swift; sourceTree = "<group>"; };
		2C4710911D964BCC00CDB47B /* Info.plist */ = {isa = PBXFileReference; lastKnownFileType = text.plist.xml; path = Info.plist; sourceTree = "<group>"; };
		2C4710961D964BCC00CDB47B /* WebviewUITests.xctest */ = {isa = PBXFileReference; explicitFileType = wrapper.cfbundle; includeInIndex = 0; path = WebviewUITests.xctest; sourceTree = BUILT_PRODUCTS_DIR; };
		2C47109A1D964BCC00CDB47B /* WebviewUITests.swift */ = {isa = PBXFileReference; lastKnownFileType = sourcecode.swift; path = WebviewUITests.swift; sourceTree = "<group>"; };
		2C47109C1D964BCC00CDB47B /* Info.plist */ = {isa = PBXFileReference; lastKnownFileType = text.plist.xml; path = Info.plist; sourceTree = "<group>"; };
		6B2EE9291D97242500C6783D /* MapKit.framework */ = {isa = PBXFileReference; lastKnownFileType = wrapper.framework; name = MapKit.framework; path = System/Library/Frameworks/MapKit.framework; sourceTree = SDKROOT; };
		6B2EE9311D97AAE100C6783D /* ViewController2.swift */ = {isa = PBXFileReference; fileEncoding = 4; lastKnownFileType = sourcecode.swift; path = ViewController2.swift; sourceTree = "<group>"; };
/* End PBXFileReference section */

/* Begin PBXFrameworksBuildPhase section */
		2C4710741D964BCC00CDB47B /* Frameworks */ = {
			isa = PBXFrameworksBuildPhase;
			buildActionMask = 2147483647;
			files = (
				6B2EE92A1D97242500C6783D /* MapKit.framework in Frameworks */,
			);
			runOnlyForDeploymentPostprocessing = 0;
		};
		2C4710881D964BCC00CDB47B /* Frameworks */ = {
			isa = PBXFrameworksBuildPhase;
			buildActionMask = 2147483647;
			files = (
			);
			runOnlyForDeploymentPostprocessing = 0;
		};
		2C4710931D964BCC00CDB47B /* Frameworks */ = {
			isa = PBXFrameworksBuildPhase;
			buildActionMask = 2147483647;
			files = (
			);
			runOnlyForDeploymentPostprocessing = 0;
		};
/* End PBXFrameworksBuildPhase section */

/* Begin PBXGroup section */
		2C47106E1D964BCC00CDB47B = {
			isa = PBXGroup;
			children = (
				2C4710791D964BCC00CDB47B /* Webview */,
				2C47108E1D964BCC00CDB47B /* WebviewTests */,
				2C4710991D964BCC00CDB47B /* WebviewUITests */,
				2C4710781D964BCC00CDB47B /* Products */,
				6B2EE9281D97242500C6783D /* Frameworks */,
			);
			sourceTree = "<group>";
		};
		2C4710781D964BCC00CDB47B /* Products */ = {
			isa = PBXGroup;
			children = (
				2C4710771D964BCC00CDB47B /* Webview.app */,
				2C47108B1D964BCC00CDB47B /* WebviewTests.xctest */,
				2C4710961D964BCC00CDB47B /* WebviewUITests.xctest */,
			);
			name = Products;
			sourceTree = "<group>";
		};
		2C4710791D964BCC00CDB47B /* Webview */ = {
			isa = PBXGroup;
			children = (
				2C47107A1D964BCC00CDB47B /* AppDelegate.swift */,
				2C47107C1D964BCC00CDB47B /* ViewController.swift */,
				2C47107E1D964BCC00CDB47B /* Main.storyboard */,
				2C4710811D964BCC00CDB47B /* Assets.xcassets */,
				2C4710831D964BCC00CDB47B /* LaunchScreen.storyboard */,
				2C4710861D964BCC00CDB47B /* Info.plist */,
				6B2EE9311D97AAE100C6783D /* ViewController2.swift */,
			);
			path = Webview;
			sourceTree = "<group>";
		};
		2C47108E1D964BCC00CDB47B /* WebviewTests */ = {
			isa = PBXGroup;
			children = (
				2C47108F1D964BCC00CDB47B /* WebviewTests.swift */,
				2C4710911D964BCC00CDB47B /* Info.plist */,
			);
			path = WebviewTests;
			sourceTree = "<group>";
		};
		2C4710991D964BCC00CDB47B /* WebviewUITests */ = {
			isa = PBXGroup;
			children = (
				2C47109A1D964BCC00CDB47B /* WebviewUITests.swift */,
				2C47109C1D964BCC00CDB47B /* Info.plist */,
			);
			path = WebviewUITests;
			sourceTree = "<group>";
		};
		6B2EE9281D97242500C6783D /* Frameworks */ = {
			isa = PBXGroup;
			children = (
				6B2EE9291D97242500C6783D /* MapKit.framework */,
			);
			name = Frameworks;
			sourceTree = "<group>";
		};
/* End PBXGroup section */

/* Begin PBXNativeTarget section */
		2C4710761D964BCC00CDB47B /* Webview */ = {
			isa = PBXNativeTarget;
			buildConfigurationList = 2C47109F1D964BCC00CDB47B /* Build configuration list for PBXNativeTarget "Webview" */;
			buildPhases = (
				2C4710731D964BCC00CDB47B /* Sources */,
				2C4710741D964BCC00CDB47B /* Frameworks */,
				2C4710751D964BCC00CDB47B /* Resources */,
			);
			buildRules = (
			);
			dependencies = (
			);
			name = Webview;
			productName = Webview;
			productReference = 2C4710771D964BCC00CDB47B /* Webview.app */;
			productType = "com.apple.product-type.application";
		};
		2C47108A1D964BCC00CDB47B /* WebviewTests */ = {
			isa = PBXNativeTarget;
			buildConfigurationList = 2C4710A21D964BCC00CDB47B /* Build configuration list for PBXNativeTarget "WebviewTests" */;
			buildPhases = (
				2C4710871D964BCC00CDB47B /* Sources */,
				2C4710881D964BCC00CDB47B /* Frameworks */,
				2C4710891D964BCC00CDB47B /* Resources */,
			);
			buildRules = (
			);
			dependencies = (
				2C47108D1D964BCC00CDB47B /* PBXTargetDependency */,
			);
			name = WebviewTests;
			productName = WebviewTests;
			productReference = 2C47108B1D964BCC00CDB47B /* WebviewTests.xctest */;
			productType = "com.apple.product-type.bundle.unit-test";
		};
		2C4710951D964BCC00CDB47B /* WebviewUITests */ = {
			isa = PBXNativeTarget;
			buildConfigurationList = 2C4710A51D964BCC00CDB47B /* Build configuration list for PBXNativeTarget "WebviewUITests" */;
			buildPhases = (
				2C4710921D964BCC00CDB47B /* Sources */,
				2C4710931D964BCC00CDB47B /* Frameworks */,
				2C4710941D964BCC00CDB47B /* Resources */,
			);
			buildRules = (
			);
			dependencies = (
				2C4710981D964BCC00CDB47B /* PBXTargetDependency */,
			);
			name = WebviewUITests;
			productName = WebviewUITests;
			productReference = 2C4710961D964BCC00CDB47B /* WebviewUITests.xctest */;
			productType = "com.apple.product-type.bundle.ui-testing";
		};
/* End PBXNativeTarget section */

/* Begin PBXProject section */
		2C47106F1D964BCC00CDB47B /* Project object */ = {
			isa = PBXProject;
			attributes = {
				LastSwiftUpdateCheck = 0800;
				LastUpgradeCheck = 0800;
				ORGANIZATIONNAME = Ivan;
				TargetAttributes = {
					2C4710761D964BCC00CDB47B = {
						CreatedOnToolsVersion = 8.0;
						DevelopmentTeam = F5T9W7VNA3;
						ProvisioningStyle = Automatic;
						SystemCapabilities = {
							com.apple.Maps.iOS = {
								enabled = 1;
							};
						};
					};
					2C47108A1D964BCC00CDB47B = {
						CreatedOnToolsVersion = 8.0;
						ProvisioningStyle = Automatic;
						TestTargetID = 2C4710761D964BCC00CDB47B;
					};
					2C4710951D964BCC00CDB47B = {
						CreatedOnToolsVersion = 8.0;
						ProvisioningStyle = Automatic;
						TestTargetID = 2C4710761D964BCC00CDB47B;
					};
				};
			};
			buildConfigurationList = 2C4710721D964BCC00CDB47B /* Build configuration list for PBXProject "Webview" */;
			compatibilityVersion = "Xcode 3.2";
			developmentRegion = English;
			hasScannedForEncodings = 0;
			knownRegions = (
				en,
				Base,
			);
			mainGroup = 2C47106E1D964BCC00CDB47B;
			productRefGroup = 2C4710781D964BCC00CDB47B /* Products */;
			projectDirPath = "";
			projectRoot = "";
			targets = (
				2C4710761D964BCC00CDB47B /* Webview */,
				2C47108A1D964BCC00CDB47B /* WebviewTests */,
				2C4710951D964BCC00CDB47B /* WebviewUITests */,
			);
		};
/* End PBXProject section */

/* Begin PBXResourcesBuildPhase section */
		2C4710751D964BCC00CDB47B /* Resources */ = {
			isa = PBXResourcesBuildPhase;
			buildActionMask = 2147483647;
			files = (
				2C4710851D964BCC00CDB47B /* LaunchScreen.storyboard in Resources */,
				2C4710821D964BCC00CDB47B /* Assets.xcassets in Resources */,
				2C4710801D964BCC00CDB47B /* Main.storyboard in Resources */,
			);
			runOnlyForDeploymentPostprocessing = 0;
		};
		2C4710891D964BCC00CDB47B /* Resources */ = {
			isa = PBXResourcesBuildPhase;
			buildActionMask = 2147483647;
			files = (
			);
			runOnlyForDeploymentPostprocessing = 0;
		};
		2C4710941D964BCC00CDB47B /* Resources */ = {
			isa = PBXResourcesBuildPhase;
			buildActionMask = 2147483647;
			files = (
			);
			runOnlyForDeploymentPostprocessing = 0;
		};
/* End PBXResourcesBuildPhase section */

/* Begin PBXSourcesBuildPhase section */
		2C4710731D964BCC00CDB47B /* Sources */ = {
			isa = PBXSourcesBuildPhase;
			buildActionMask = 2147483647;
			files = (
				2C47107D1D964BCC00CDB47B /* ViewController.swift in Sources */,
				2C47107B1D964BCC00CDB47B /* AppDelegate.swift in Sources */,
				6B2EE9321D97AAE100C6783D /* ViewController2.swift in Sources */,
			);
			runOnlyForDeploymentPostprocessing = 0;
		};
		2C4710871D964BCC00CDB47B /* Sources */ = {
			isa = PBXSourcesBuildPhase;
			buildActionMask = 2147483647;
			files = (
				2C4710901D964BCC00CDB47B /* WebviewTests.swift in Sources */,
			);
			runOnlyForDeploymentPostprocessing = 0;
		};
		2C4710921D964BCC00CDB47B /* Sources */ = {
			isa = PBXSourcesBuildPhase;
			buildActionMask = 2147483647;
			files = (
				2C47109B1D964BCC00CDB47B /* WebviewUITests.swift in Sources */,
			);
			runOnlyForDeploymentPostprocessing = 0;
		};
/* End PBXSourcesBuildPhase section */

/* Begin PBXTargetDependency section */
		2C47108D1D964BCC00CDB47B /* PBXTargetDependency */ = {
			isa = PBXTargetDependency;
			target = 2C4710761D964BCC00CDB47B /* Webview */;
			targetProxy = 2C47108C1D964BCC00CDB47B /* PBXContainerItemProxy */;
		};
		2C4710981D964BCC00CDB47B /* PBXTargetDependency */ = {
			isa = PBXTargetDependency;
			target = 2C4710761D964BCC00CDB47B /* Webview */;
			targetProxy = 2C4710971D964BCC00CDB47B /* PBXContainerItemProxy */;
		};
/* End PBXTargetDependency section */

/* Begin PBXVariantGroup section */
		2C47107E1D964BCC00CDB47B /* Main.storyboard */ = {
			isa = PBXVariantGroup;
			children = (
				2C47107F1D964BCC00CDB47B /* Base */,
			);
			name = Main.storyboard;
			sourceTree = "<group>";
		};
		2C4710831D964BCC00CDB47B /* LaunchScreen.storyboard */ = {
			isa = PBXVariantGroup;
			children = (
				2C4710841D964BCC00CDB47B /* Base */,
			);
			name = LaunchScreen.storyboard;
			sourceTree = "<group>";
		};
/* End PBXVariantGroup section */

/* Begin XCBuildConfiguration section */
		2C47109D1D964BCC00CDB47B /* Debug */ = {
			isa = XCBuildConfiguration;
			buildSettings = {
				ALWAYS_SEARCH_USER_PATHS = NO;
				CLANG_ANALYZER_NONNULL = YES;
				CLANG_CXX_LANGUAGE_STANDARD = "gnu++0x";
				CLANG_CXX_LIBRARY = "libc++";
				CLANG_ENABLE_MODULES = YES;
				CLANG_ENABLE_OBJC_ARC = YES;
				CLANG_WARN_BOOL_CONVERSION = YES;
				CLANG_WARN_CONSTANT_CONVERSION = YES;
				CLANG_WARN_DIRECT_OBJC_ISA_USAGE = YES_ERROR;
				CLANG_WARN_DOCUMENTATION_COMMENTS = YES;
				CLANG_WARN_EMPTY_BODY = YES;
				CLANG_WARN_ENUM_CONVERSION = YES;
				CLANG_WARN_INFINITE_RECURSION = YES;
				CLANG_WARN_INT_CONVERSION = YES;
				CLANG_WARN_OBJC_ROOT_CLASS = YES_ERROR;
				CLANG_WARN_SUSPICIOUS_MOVES = YES;
				CLANG_WARN_UNREACHABLE_CODE = YES;
				CLANG_WARN__DUPLICATE_METHOD_MATCH = YES;
				"CODE_SIGN_IDENTITY[sdk=iphoneos*]" = "iPhone Developer";
				COPY_PHASE_STRIP = NO;
				DEBUG_INFORMATION_FORMAT = dwarf;
				ENABLE_STRICT_OBJC_MSGSEND = YES;
				ENABLE_TESTABILITY = YES;
				GCC_C_LANGUAGE_STANDARD = gnu99;
				GCC_DYNAMIC_NO_PIC = NO;
				GCC_NO_COMMON_BLOCKS = YES;
				GCC_OPTIMIZATION_LEVEL = 0;
				GCC_PREPROCESSOR_DEFINITIONS = (
					"DEBUG=1",
					"$(inherited)",
				);
				GCC_WARN_64_TO_32_BIT_CONVERSION = YES;
				GCC_WARN_ABOUT_RETURN_TYPE = YES_ERROR;
				GCC_WARN_UNDECLARED_SELECTOR = YES;
				GCC_WARN_UNINITIALIZED_AUTOS = YES_AGGRESSIVE;
				GCC_WARN_UNUSED_FUNCTION = YES;
				GCC_WARN_UNUSED_VARIABLE = YES;
				IPHONEOS_DEPLOYMENT_TARGET = 10.0;
				MTL_ENABLE_DEBUG_INFO = YES;
				ONLY_ACTIVE_ARCH = YES;
				SDKROOT = iphoneos;
				SWIFT_ACTIVE_COMPILATION_CONDITIONS = DEBUG;
				SWIFT_OPTIMIZATION_LEVEL = "-Onone";
				TARGETED_DEVICE_FAMILY = "1,2";
			};
			name = Debug;
		};
		2C47109E1D964BCC00CDB47B /* Release */ = {
			isa = XCBuildConfiguration;
			buildSettings = {
				ALWAYS_SEARCH_USER_PATHS = NO;
				CLANG_ANALYZER_NONNULL = YES;
				CLANG_CXX_LANGUAGE_STANDARD = "gnu++0x";
				CLANG_CXX_LIBRARY = "libc++";
				CLANG_ENABLE_MODULES = YES;
				CLANG_ENABLE_OBJC_ARC = YES;
				CLANG_WARN_BOOL_CONVERSION = YES;
				CLANG_WARN_CONSTANT_CONVERSION = YES;
				CLANG_WARN_DIRECT_OBJC_ISA_USAGE = YES_ERROR;
				CLANG_WARN_DOCUMENTATION_COMMENTS = YES;
				CLANG_WARN_EMPTY_BODY = YES;
				CLANG_WARN_ENUM_CONVERSION = YES;
				CLANG_WARN_INFINITE_RECURSION = YES;
				CLANG_WARN_INT_CONVERSION = YES;
				CLANG_WARN_OBJC_ROOT_CLASS = YES_ERROR;
				CLANG_WARN_SUSPICIOUS_MOVES = YES;
				CLANG_WARN_UNREACHABLE_CODE = YES;
				CLANG_WARN__DUPLICATE_METHOD_MATCH = YES;
				"CODE_SIGN_IDENTITY[sdk=iphoneos*]" = "iPhone Developer";
				COPY_PHASE_STRIP = NO;
				DEBUG_INFORMATION_FORMAT = "dwarf-with-dsym";
				ENABLE_NS_ASSERTIONS = NO;
				ENABLE_STRICT_OBJC_MSGSEND = YES;
				GCC_C_LANGUAGE_STANDARD = gnu99;
				GCC_NO_COMMON_BLOCKS = YES;
				GCC_WARN_64_TO_32_BIT_CONVERSION = YES;
				GCC_WARN_ABOUT_RETURN_TYPE = YES_ERROR;
				GCC_WARN_UNDECLARED_SELECTOR = YES;
				GCC_WARN_UNINITIALIZED_AUTOS = YES_AGGRESSIVE;
				GCC_WARN_UNUSED_FUNCTION = YES;
				GCC_WARN_UNUSED_VARIABLE = YES;
				IPHONEOS_DEPLOYMENT_TARGET = 10.0;
				MTL_ENABLE_DEBUG_INFO = NO;
				SDKROOT = iphoneos;
				SWIFT_OPTIMIZATION_LEVEL = "-Owholemodule";
				TARGETED_DEVICE_FAMILY = "1,2";
				VALIDATE_PRODUCT = YES;
			};
			name = Release;
		};
		2C4710A01D964BCC00CDB47B /* Debug */ = {
			isa = XCBuildConfiguration;
			buildSettings = {
				ASSETCATALOG_COMPILER_APPICON_NAME = AppIcon;
				DEVELOPMENT_TEAM = F5T9W7VNA3;
				INFOPLIST_FILE = Webview/Info.plist;
				LD_RUNPATH_SEARCH_PATHS = "$(inherited) @executable_path/Frameworks";
				PRODUCT_BUNDLE_IDENTIFIER = nothing.Webview;
				PRODUCT_NAME = "$(TARGET_NAME)";
				SWIFT_VERSION = 3.0;
				TARGETED_DEVICE_FAMILY = "1,2";
			};
			name = Debug;
		};
		2C4710A11D964BCC00CDB47B /* Release */ = {
			isa = XCBuildConfiguration;
			buildSettings = {
				ASSETCATALOG_COMPILER_APPICON_NAME = AppIcon;
				DEVELOPMENT_TEAM = F5T9W7VNA3;
				INFOPLIST_FILE = Webview/Info.plist;
				LD_RUNPATH_SEARCH_PATHS = "$(inherited) @executable_path/Frameworks";
				PRODUCT_BUNDLE_IDENTIFIER = nothing.Webview;
				PRODUCT_NAME = "$(TARGET_NAME)";
				SWIFT_VERSION = 3.0;
				TARGETED_DEVICE_FAMILY = "1,2";
			};
			name = Release;
		};
		2C4710A31D964BCC00CDB47B /* Debug */ = {
			isa = XCBuildConfiguration;
			buildSettings = {
				ALWAYS_EMBED_SWIFT_STANDARD_LIBRARIES = YES;
				BUNDLE_LOADER = "$(TEST_HOST)";
				INFOPLIST_FILE = WebviewTests/Info.plist;
				LD_RUNPATH_SEARCH_PATHS = "$(inherited) @executable_path/Frameworks @loader_path/Frameworks";
				PRODUCT_BUNDLE_IDENTIFIER = nothing.WebviewTests;
				PRODUCT_NAME = "$(TARGET_NAME)";
				SWIFT_VERSION = 3.0;
				TEST_HOST = "$(BUILT_PRODUCTS_DIR)/Webview.app/Webview";
			};
			name = Debug;
		};
		2C4710A41D964BCC00CDB47B /* Release */ = {
			isa = XCBuildConfiguration;
			buildSettings = {
				ALWAYS_EMBED_SWIFT_STANDARD_LIBRARIES = YES;
				BUNDLE_LOADER = "$(TEST_HOST)";
				INFOPLIST_FILE = WebviewTests/Info.plist;
				LD_RUNPATH_SEARCH_PATHS = "$(inherited) @executable_path/Frameworks @loader_path/Frameworks";
				PRODUCT_BUNDLE_IDENTIFIER = nothing.WebviewTests;
				PRODUCT_NAME = "$(TARGET_NAME)";
				SWIFT_VERSION = 3.0;
				TEST_HOST = "$(BUILT_PRODUCTS_DIR)/Webview.app/Webview";
			};
			name = Release;
		};
		2C4710A61D964BCC00CDB47B /* Debug */ = {
			isa = XCBuildConfiguration;
			buildSettings = {
				ALWAYS_EMBED_SWIFT_STANDARD_LIBRARIES = YES;
				INFOPLIST_FILE = WebviewUITests/Info.plist;
				LD_RUNPATH_SEARCH_PATHS = "$(inherited) @executable_path/Frameworks @loader_path/Frameworks";
				PRODUCT_BUNDLE_IDENTIFIER = nothing.WebviewUITests;
				PRODUCT_NAME = "$(TARGET_NAME)";
				SWIFT_VERSION = 3.0;
				TEST_TARGET_NAME = Webview;
			};
			name = Debug;
		};
		2C4710A71D964BCC00CDB47B /* Release */ = {
			isa = XCBuildConfiguration;
			buildSettings = {
				ALWAYS_EMBED_SWIFT_STANDARD_LIBRARIES = YES;
				INFOPLIST_FILE = WebviewUITests/Info.plist;
				LD_RUNPATH_SEARCH_PATHS = "$(inherited) @executable_path/Frameworks @loader_path/Frameworks";
				PRODUCT_BUNDLE_IDENTIFIER = nothing.WebviewUITests;
				PRODUCT_NAME = "$(TARGET_NAME)";
				SWIFT_VERSION = 3.0;
				TEST_TARGET_NAME = Webview;
			};
			name = Release;
		};
/* End XCBuildConfiguration section */

/* Begin XCConfigurationList section */
		2C4710721D964BCC00CDB47B /* Build configuration list for PBXProject "Webview" */ = {
			isa = XCConfigurationList;
			buildConfigurations = (
				2C47109D1D964BCC00CDB47B /* Debug */,
				2C47109E1D964BCC00CDB47B /* Release */,
			);
			defaultConfigurationIsVisible = 0;
			defaultConfigurationName = Release;
		};
		2C47109F1D964BCC00CDB47B /* Build configuration list for PBXNativeTarget "Webview" */ = {
			isa = XCConfigurationList;
			buildConfigurations = (
				2C4710A01D964BCC00CDB47B /* Debug */,
				2C4710A11D964BCC00CDB47B /* Release */,
			);
			defaultConfigurationIsVisible = 0;
			defaultConfigurationName = Release;
		};
		2C4710A21D964BCC00CDB47B /* Build configuration list for PBXNativeTarget "WebviewTests" */ = {
			isa = XCConfigurationList;
			buildConfigurations = (
				2C4710A31D964BCC00CDB47B /* Debug */,
				2C4710A41D964BCC00CDB47B /* Release */,
			);
			defaultConfigurationIsVisible = 0;
			defaultConfigurationName = Release;
		};
		2C4710A51D964BCC00CDB47B /* Build configuration list for PBXNativeTarget "WebviewUITests" */ = {
			isa = XCConfigurationList;
			buildConfigurations = (
				2C4710A61D964BCC00CDB47B /* Debug */,
				2C4710A71D964BCC00CDB47B /* Release */,
			);
			defaultConfigurationIsVisible = 0;
			defaultConfigurationName = Release;
		};
/* End XCConfigurationList section */
	};
	rootObject = 2C47106F1D964BCC00CDB47B /* Project object */;
}
